
Microsoft Visual Studio Solution File, Format Version 12.00
# Visual Studio 14
VisualStudioVersion = 14.0.25123.0
MinimumVisualStudioVersion = 10.0.40219.1
Project("{FAE04EC0-301F-11D3-BF4B-00C04F79EFBC}") = "NakayokunaruHandsOn.Droid", "NakayokunaruHandsOn\NakayokunaruHandsOn.Droid\NakayokunaruHandsOn.Droid.csproj", "{E564F0EA-42B9-4D48-9697-BCAE9061CA16}"
EndProject
Project("{FAE04EC0-301F-11D3-BF4B-00C04F79EFBC}") = "NakayokunaruHandsOn.iOS", "NakayokunaruHandsOn\NakayokunaruHandsOn.iOS\NakayokunaruHandsOn.iOS.csproj", "{B71949E3-1CEE-4495-8F0D-A8DBADFDCE1B}"
EndProject
Project("{FAE04EC0-301F-11D3-BF4B-00C04F79EFBC}") = "NakayokunaruHandsOn.UWP", "NakayokunaruHandsOn\NakayokunaruHandsOn.UWP\NakayokunaruHandsOn.UWP.csproj", "{53291B6E-A26B-47C0-BA95-A0A0281DC8A7}"
EndProject
Project("{FAE04EC0-301F-11D3-BF4B-00C04F79EFBC}") = "NakayokunaruHandsOn", "NakayokunaruHandsOn\NakayokunaruHandsOn\NakayokunaruHandsOn.csproj", "{226923C5-1C8C-492A-BA73-4EAA14B723DC}"
EndProject
Global
	GlobalSection(SolutionConfigurationPlatforms) = preSolution
		Ad-Hoc|Any CPU = Ad-Hoc|Any CPU
		Ad-Hoc|ARM = Ad-Hoc|ARM
		Ad-Hoc|iPhone = Ad-Hoc|iPhone
		Ad-Hoc|iPhoneSimulator = Ad-Hoc|iPhoneSimulator
		Ad-Hoc|x64 = Ad-Hoc|x64
		Ad-Hoc|x86 = Ad-Hoc|x86
		AppStore|Any CPU = AppStore|Any CPU
		AppStore|ARM = AppStore|ARM
		AppStore|iPhone = AppStore|iPhone
		AppStore|iPhoneSimulator = AppStore|iPhoneSimulator
		AppStore|x64 = AppStore|x64
		AppStore|x86 = AppStore|x86
		Debug|Any CPU = Debug|Any CPU
		Debug|ARM = Debug|ARM
		Debug|iPhone = Debug|iPhone
		Debug|iPhoneSimulator = Debug|iPhoneSimulator
		Debug|x64 = Debug|x64
		Debug|x86 = Debug|x86
		Release|Any CPU = Release|Any CPU
		Release|ARM = Release|ARM
		Release|iPhone = Release|iPhone
		Release|iPhoneSimulator = Release|iPhoneSimulator
		Release|x64 = Release|x64
		Release|x86 = Release|x86
	EndGlobalSection
	GlobalSection(ProjectConfigurationPlatforms) = postSolution
		{E564F0EA-42B9-4D48-9697-BCAE9061CA16}.Ad-Hoc|Any CPU.ActiveCfg = Release|Any CPU
		{E564F0EA-42B9-4D48-9697-BCAE9061CA16}.Ad-Hoc|Any CPU.Build.0 = Release|Any CPU
		{E564F0EA-42B9-4D48-9697-BCAE9061CA16}.Ad-Hoc|Any CPU.Deploy.0 = Release|Any CPU
		{E564F0EA-42B9-4D48-9697-BCAE9061CA16}.Ad-Hoc|ARM.ActiveCfg = Release|Any CPU
		{E564F0EA-42B9-4D48-9697-BCAE9061CA16}.Ad-Hoc|ARM.Build.0 = Release|Any CPU
		{E564F0EA-42B9-4D48-9697-BCAE9061CA16}.Ad-Hoc|ARM.Deploy.0 = Release|Any CPU
		{E564F0EA-42B9-4D48-9697-BCAE9061CA16}.Ad-Hoc|iPhone.ActiveCfg = Release|Any CPU
		{E564F0EA-42B9-4D48-9697-BCAE9061CA16}.Ad-Hoc|iPhone.Build.0 = Release|Any CPU
		{E564F0EA-42B9-4D48-9697-BCAE9061CA16}.Ad-Hoc|iPhone.Deploy.0 = Release|Any CPU
		{E564F0EA-42B9-4D48-9697-BCAE9061CA16}.Ad-Hoc|iPhoneSimulator.ActiveCfg = Release|Any CPU
		{E564F0EA-42B9-4D48-9697-BCAE9061CA16}.Ad-Hoc|iPhoneSimulator.Build.0 = Release|Any CPU
		{E564F0EA-42B9-4D48-9697-BCAE9061CA16}.Ad-Hoc|iPhoneSimulator.Deploy.0 = Release|Any CPU
		{E564F0EA-42B9-4D48-9697-BCAE9061CA16}.Ad-Hoc|x64.ActiveCfg = Release|Any CPU
		{E564F0EA-42B9-4D48-9697-BCAE9061CA16}.Ad-Hoc|x64.Build.0 = Release|Any CPU
		{E564F0EA-42B9-4D48-9697-BCAE9061CA16}.Ad-Hoc|x64.Deploy.0 = Release|Any CPU
		{E564F0EA-42B9-4D48-9697-BCAE9061CA16}.Ad-Hoc|x86.ActiveCfg = Release|Any CPU
		{E564F0EA-42B9-4D48-9697-BCAE9061CA16}.Ad-Hoc|x86.Build.0 = Release|Any CPU
		{E564F0EA-42B9-4D48-9697-BCAE9061CA16}.Ad-Hoc|x86.Deploy.0 = Release|Any CPU
		{E564F0EA-42B9-4D48-9697-BCAE9061CA16}.AppStore|Any CPU.ActiveCfg = Release|Any CPU
		{E564F0EA-42B9-4D48-9697-BCAE9061CA16}.AppStore|Any CPU.Build.0 = Release|Any CPU
		{E564F0EA-42B9-4D48-9697-BCAE9061CA16}.AppStore|Any CPU.Deploy.0 = Release|Any CPU
		{E564F0EA-42B9-4D48-9697-BCAE9061CA16}.AppStore|ARM.ActiveCfg = Release|Any CPU
		{E564F0EA-42B9-4D48-9697-BCAE9061CA16}.AppStore|ARM.Build.0 = Release|Any CPU
		{E564F0EA-42B9-4D48-9697-BCAE9061CA16}.AppStore|ARM.Deploy.0 = Release|Any CPU
		{E564F0EA-42B9-4D48-9697-BCAE9061CA16}.AppStore|iPhone.ActiveCfg = Release|Any CPU
		{E564F0EA-42B9-4D48-9697-BCAE9061CA16}.AppStore|iPhone.Build.0 = Release|Any CPU
		{E564F0EA-42B9-4D48-9697-BCAE9061CA16}.AppStore|iPhone.Deploy.0 = Release|Any CPU
		{E564F0EA-42B9-4D48-9697-BCAE9061CA16}.AppStore|iPhoneSimulator.ActiveCfg = Release|Any CPU
		{E564F0EA-42B9-4D48-9697-BCAE9061CA16}.AppStore|iPhoneSimulator.Build.0 = Release|Any CPU
		{E564F0EA-42B9-4D48-9697-BCAE9061CA16}.AppStore|iPhoneSimulator.Deploy.0 = Release|Any CPU
		{E564F0EA-42B9-4D48-9697-BCAE9061CA16}.AppStore|x64.ActiveCfg = Release|Any CPU
		{E564F0EA-42B9-4D48-9697-BCAE9061CA16}.AppStore|x64.Build.0 = Release|Any CPU
		{E564F0EA-42B9-4D48-9697-BCAE9061CA16}.AppStore|x64.Deploy.0 = Release|Any CPU
		{E564F0EA-42B9-4D48-9697-BCAE9061CA16}.AppStore|x86.ActiveCfg = Release|Any CPU
		{E564F0EA-42B9-4D48-9697-BCAE9061CA16}.AppStore|x86.Build.0 = Release|Any CPU
		{E564F0EA-42B9-4D48-9697-BCAE9061CA16}.AppStore|x86.Deploy.0 = Release|Any CPU
		{E564F0EA-42B9-4D48-9697-BCAE9061CA16}.Debug|Any CPU.ActiveCfg = Debug|Any CPU
		{E564F0EA-42B9-4D48-9697-BCAE9061CA16}.Debug|Any CPU.Build.0 = Debug|Any CPU
		{E564F0EA-42B9-4D48-9697-BCAE9061CA16}.Debug|Any CPU.Deploy.0 = Debug|Any CPU
		{E564F0EA-42B9-4D48-9697-BCAE9061CA16}.Debug|ARM.ActiveCfg = Debug|Any CPU
		{E564F0EA-42B9-4D48-9697-BCAE9061CA16}.Debug|ARM.Build.0 = Debug|Any CPU
		{E564F0EA-42B9-4D48-9697-BCAE9061CA16}.Debug|ARM.Deploy.0 = Debug|Any CPU
		{E564F0EA-42B9-4D48-9697-BCAE9061CA16}.Debug|iPhone.ActiveCfg = Debug|Any CPU
		{E564F0EA-42B9-4D48-9697-BCAE9061CA16}.Debug|iPhone.Build.0 = Debug|Any CPU
		{E564F0EA-42B9-4D48-9697-BCAE9061CA16}.Debug|iPhone.Deploy.0 = Debug|Any CPU
		{E564F0EA-42B9-4D48-9697-BCAE9061CA16}.Debug|iPhoneSimulator.ActiveCfg = Debug|Any CPU
		{E564F0EA-42B9-4D48-9697-BCAE9061CA16}.Debug|iPhoneSimulator.Build.0 = Debug|Any CPU
		{E564F0EA-42B9-4D48-9697-BCAE9061CA16}.Debug|iPhoneSimulator.Deploy.0 = Debug|Any CPU
		{E564F0EA-42B9-4D48-9697-BCAE9061CA16}.Debug|x64.ActiveCfg = Debug|Any CPU
		{E564F0EA-42B9-4D48-9697-BCAE9061CA16}.Debug|x64.Build.0 = Debug|Any CPU
		{E564F0EA-42B9-4D48-9697-BCAE9061CA16}.Debug|x64.Deploy.0 = Debug|Any CPU
		{E564F0EA-42B9-4D48-9697-BCAE9061CA16}.Debug|x86.ActiveCfg = Debug|Any CPU
		{E564F0EA-42B9-4D48-9697-BCAE9061CA16}.Debug|x86.Build.0 = Debug|Any CPU
		{E564F0EA-42B9-4D48-9697-BCAE9061CA16}.Debug|x86.Deploy.0 = Debug|Any CPU
		{E564F0EA-42B9-4D48-9697-BCAE9061CA16}.Release|Any CPU.ActiveCfg = Release|Any CPU
		{E564F0EA-42B9-4D48-9697-BCAE9061CA16}.Release|Any CPU.Build.0 = Release|Any CPU
		{E564F0EA-42B9-4D48-9697-BCAE9061CA16}.Release|Any CPU.Deploy.0 = Release|Any CPU
		{E564F0EA-42B9-4D48-9697-BCAE9061CA16}.Release|ARM.ActiveCfg = Release|Any CPU
		{E564F0EA-42B9-4D48-9697-BCAE9061CA16}.Release|ARM.Build.0 = Release|Any CPU
		{E564F0EA-42B9-4D48-9697-BCAE9061CA16}.Release|ARM.Deploy.0 = Release|Any CPU
		{E564F0EA-42B9-4D48-9697-BCAE9061CA16}.Release|iPhone.ActiveCfg = Release|Any CPU
		{E564F0EA-42B9-4D48-9697-BCAE9061CA16}.Release|iPhone.Build.0 = Release|Any CPU
		{E564F0EA-42B9-4D48-9697-BCAE9061CA16}.Release|iPhone.Deploy.0 = Release|Any CPU
		{E564F0EA-42B9-4D48-9697-BCAE9061CA16}.Release|iPhoneSimulator.ActiveCfg = Release|Any CPU
		{E564F0EA-42B9-4D48-9697-BCAE9061CA16}.Release|iPhoneSimulator.Build.0 = Release|Any CPU
		{E564F0EA-42B9-4D48-9697-BCAE9061CA16}.Release|iPhoneSimulator.Deploy.0 = Release|Any CPU
		{E564F0EA-42B9-4D48-9697-BCAE9061CA16}.Release|x64.ActiveCfg = Release|Any CPU
		{E564F0EA-42B9-4D48-9697-BCAE9061CA16}.Release|x64.Build.0 = Release|Any CPU
		{E564F0EA-42B9-4D48-9697-BCAE9061CA16}.Release|x64.Deploy.0 = Release|Any CPU
		{E564F0EA-42B9-4D48-9697-BCAE9061CA16}.Release|x86.ActiveCfg = Release|Any CPU
		{E564F0EA-42B9-4D48-9697-BCAE9061CA16}.Release|x86.Build.0 = Release|Any CPU
		{E564F0EA-42B9-4D48-9697-BCAE9061CA16}.Release|x86.Deploy.0 = Release|Any CPU
		{B71949E3-1CEE-4495-8F0D-A8DBADFDCE1B}.Ad-Hoc|Any CPU.ActiveCfg = Ad-Hoc|iPhone
		{B71949E3-1CEE-4495-8F0D-A8DBADFDCE1B}.Ad-Hoc|ARM.ActiveCfg = Ad-Hoc|iPhone
		{B71949E3-1CEE-4495-8F0D-A8DBADFDCE1B}.Ad-Hoc|iPhone.ActiveCfg = Ad-Hoc|iPhone
		{B71949E3-1CEE-4495-8F0D-A8DBADFDCE1B}.Ad-Hoc|iPhone.Build.0 = Ad-Hoc|iPhone
		{B71949E3-1CEE-4495-8F0D-A8DBADFDCE1B}.Ad-Hoc|iPhoneSimulator.ActiveCfg = Ad-Hoc|iPhoneSimulator
		{B71949E3-1CEE-4495-8F0D-A8DBADFDCE1B}.Ad-Hoc|iPhoneSimulator.Build.0 = Ad-Hoc|iPhoneSimulator
		{B71949E3-1CEE-4495-8F0D-A8DBADFDCE1B}.Ad-Hoc|x64.ActiveCfg = Ad-Hoc|iPhone
		{B71949E3-1CEE-4495-8F0D-A8DBADFDCE1B}.Ad-Hoc|x86.ActiveCfg = Ad-Hoc|iPhone
		{B71949E3-1CEE-4495-8F0D-A8DBADFDCE1B}.AppStore|Any CPU.ActiveCfg = AppStore|iPhone
		{B71949E3-1CEE-4495-8F0D-A8DBADFDCE1B}.AppStore|ARM.ActiveCfg = AppStore|iPhone
		{B71949E3-1CEE-4495-8F0D-A8DBADFDCE1B}.AppStore|iPhone.ActiveCfg = AppStore|iPhone
		{B71949E3-1CEE-4495-8F0D-A8DBADFDCE1B}.AppStore|iPhone.Build.0 = AppStore|iPhone
		{B71949E3-1CEE-4495-8F0D-A8DBADFDCE1B}.AppStore|iPhoneSimulator.ActiveCfg = AppStore|iPhoneSimulator
		{B71949E3-1CEE-4495-8F0D-A8DBADFDCE1B}.AppStore|iPhoneSimulator.Build.0 = AppStore|iPhoneSimulator
		{B71949E3-1CEE-4495-8F0D-A8DBADFDCE1B}.AppStore|x64.ActiveCfg = AppStore|iPhone
		{B71949E3-1CEE-4495-8F0D-A8DBADFDCE1B}.AppStore|x86.ActiveCfg = AppStore|iPhone
		{B71949E3-1CEE-4495-8F0D-A8DBADFDCE1B}.Debug|Any CPU.ActiveCfg = Debug|iPhone
		{B71949E3-1CEE-4495-8F0D-A8DBADFDCE1B}.Debug|ARM.ActiveCfg = Debug|iPhone
		{B71949E3-1CEE-4495-8F0D-A8DBADFDCE1B}.Debug|iPhone.ActiveCfg = Debug|iPhone
		{B71949E3-1CEE-4495-8F0D-A8DBADFDCE1B}.Debug|iPhone.Build.0 = Debug|iPhone
		{B71949E3-1CEE-4495-8F0D-A8DBADFDCE1B}.Debug|iPhoneSimulator.ActiveCfg = Debug|iPhoneSimulator
		{B71949E3-1CEE-4495-8F0D-A8DBADFDCE1B}.Debug|iPhoneSimulator.Build.0 = Debug|iPhoneSimulator
		{B71949E3-1CEE-4495-8F0D-A8DBADFDCE1B}.Debug|x64.ActiveCfg = Debug|iPhone
		{B71949E3-1CEE-4495-8F0D-A8DBADFDCE1B}.Debug|x86.ActiveCfg = Debug|iPhone
		{B71949E3-1CEE-4495-8F0D-A8DBADFDCE1B}.Release|Any CPU.ActiveCfg = Release|iPhone
		{B71949E3-1CEE-4495-8F0D-A8DBADFDCE1B}.Release|ARM.ActiveCfg = Release|iPhone
		{B71949E3-1CEE-4495-8F0D-A8DBADFDCE1B}.Release|iPhone.ActiveCfg = Release|iPhone
		{B71949E3-1CEE-4495-8F0D-A8DBADFDCE1B}.Release|iPhone.Build.0 = Release|iPhone
		{B71949E3-1CEE-4495-8F0D-A8DBADFDCE1B}.Release|iPhoneSimulator.ActiveCfg = Release|iPhoneSimulator
		{B71949E3-1CEE-4495-8F0D-A8DBADFDCE1B}.Release|iPhoneSimulator.Build.0 = Release|iPhoneSimulator
		{B71949E3-1CEE-4495-8F0D-A8DBADFDCE1B}.Release|x64.ActiveCfg = Release|iPhone
		{B71949E3-1CEE-4495-8F0D-A8DBADFDCE1B}.Release|x86.ActiveCfg = Release|iPhone
		{53291B6E-A26B-47C0-BA95-A0A0281DC8A7}.Ad-Hoc|Any CPU.ActiveCfg = Release|x86
		{53291B6E-A26B-47C0-BA95-A0A0281DC8A7}.Ad-Hoc|Any CPU.Build.0 = Release|x86
		{53291B6E-A26B-47C0-BA95-A0A0281DC8A7}.Ad-Hoc|Any CPU.Deploy.0 = Release|x86
		{53291B6E-A26B-47C0-BA95-A0A0281DC8A7}.Ad-Hoc|ARM.ActiveCfg = Release|ARM
		{53291B6E-A26B-47C0-BA95-A0A0281DC8A7}.Ad-Hoc|ARM.Build.0 = Release|ARM
		{53291B6E-A26B-47C0-BA95-A0A0281DC8A7}.Ad-Hoc|ARM.Deploy.0 = Release|ARM
		{53291B6E-A26B-47C0-BA95-A0A0281DC8A7}.Ad-Hoc|iPhone.ActiveCfg = Release|x86
		{53291B6E-A26B-47C0-BA95-A0A0281DC8A7}.Ad-Hoc|iPhone.Build.0 = Release|x86
		{53291B6E-A26B-47C0-BA95-A0A0281DC8A7}.Ad-Hoc|iPhone.Deploy.0 = Release|x86
		{53291B6E-A26B-47C0-BA95-A0A0281DC8A7}.Ad-Hoc|iPhoneSimulator.ActiveCfg = Release|x86
		{53291B6E-A26B-47C0-BA95-A0A0281DC8A7}.Ad-Hoc|iPhoneSimulator.Build.0 = Release|x86
		{53291B6E-A26B-47C0-BA95-A0A0281DC8A7}.Ad-Hoc|iPhoneSimulator.Deploy.0 = Release|x86
		{53291B6E-A26B-47C0-BA95-A0A0281DC8A7}.Ad-Hoc|x64.ActiveCfg = Release|x64
		{53291B6E-A26B-47C0-BA95-A0A0281DC8A7}.Ad-Hoc|x64.Build.0 = Release|x64
		{53291B6E-A26B-47C0-BA95-A0A0281DC8A7}.Ad-Hoc|x64.Deploy.0 = Release|x64
		{53291B6E-A26B-47C0-BA95-A0A0281DC8A7}.Ad-Hoc|x86.ActiveCfg = Release|x86
		{53291B6E-A26B-47C0-BA95-A0A0281DC8A7}.Ad-Hoc|x86.Build.0 = Release|x86
		{53291B6E-A26B-47C0-BA95-A0A0281DC8A7}.Ad-Hoc|x86.Deploy.0 = Release|x86
		{53291B6E-A26B-47C0-BA95-A0A0281DC8A7}.AppStore|Any CPU.ActiveCfg = Release|x86
		{53291B6E-A26B-47C0-BA95-A0A0281DC8A7}.AppStore|Any CPU.Build.0 = Release|x86
		{53291B6E-A26B-47C0-BA95-A0A0281DC8A7}.AppStore|Any CPU.Deploy.0 = Release|x86
		{53291B6E-A26B-47C0-BA95-A0A0281DC8A7}.AppStore|ARM.ActiveCfg = Release|ARM
		{53291B6E-A26B-47C0-BA95-A0A0281DC8A7}.AppStore|ARM.Build.0 = Release|ARM
		{53291B6E-A26B-47C0-BA95-A0A0281DC8A7}.AppStore|ARM.Deploy.0 = Release|ARM
		{53291B6E-A26B-47C0-BA95-A0A0281DC8A7}.AppStore|iPhone.ActiveCfg = Release|x86
		{53291B6E-A26B-47C0-BA95-A0A0281DC8A7}.AppStore|iPhone.Build.0 = Release|x86
		{53291B6E-A26B-47C0-BA95-A0A0281DC8A7}.AppStore|iPhone.Deploy.0 = Release|x86
		{53291B6E-A26B-47C0-BA95-A0A0281DC8A7}.AppStore|iPhoneSimulator.ActiveCfg = Release|x86
		{53291B6E-A26B-47C0-BA95-A0A0281DC8A7}.AppStore|iPhoneSimulator.Build.0 = Release|x86
		{53291B6E-A26B-47C0-BA95-A0A0281DC8A7}.AppStore|iPhoneSimulator.Deploy.0 = Release|x86
		{53291B6E-A26B-47C0-BA95-A0A0281DC8A7}.AppStore|x64.ActiveCfg = Release|x64
		{53291B6E-A26B-47C0-BA95-A0A0281DC8A7}.AppStore|x64.Build.0 = Release|x64
		{53291B6E-A26B-47C0-BA95-A0A0281DC8A7}.AppStore|x64.Deploy.0 = Release|x64
		{53291B6E-A26B-47C0-BA95-A0A0281DC8A7}.AppStore|x86.ActiveCfg = Release|x86
		{53291B6E-A26B-47C0-BA95-A0A0281DC8A7}.AppStore|x86.Build.0 = Release|x86
		{53291B6E-A26B-47C0-BA95-A0A0281DC8A7}.AppStore|x86.Deploy.0 = Release|x86
		{53291B6E-A26B-47C0-BA95-A0A0281DC8A7}.Debug|Any CPU.ActiveCfg = Debug|x86
		{53291B6E-A26B-47C0-BA95-A0A0281DC8A7}.Debug|Any CPU.Build.0 = Debug|x86
		{53291B6E-A26B-47C0-BA95-A0A0281DC8A7}.Debug|Any CPU.Deploy.0 = Debug|x86
		{53291B6E-A26B-47C0-BA95-A0A0281DC8A7}.Debug|ARM.ActiveCfg = Debug|ARM
		{53291B6E-A26B-47C0-BA95-A0A0281DC8A7}.Debug|ARM.Build.0 = Debug|ARM
		{53291B6E-A26B-47C0-BA95-A0A0281DC8A7}.Debug|ARM.Deploy.0 = Debug|ARM
		{53291B6E-A26B-47C0-BA95-A0A0281DC8A7}.Debug|iPhone.ActiveCfg = Debug|x86
		{53291B6E-A26B-47C0-BA95-A0A0281DC8A7}.Debug|iPhoneSimulator.ActiveCfg = Debug|x86
		{53291B6E-A26B-47C0-BA95-A0A0281DC8A7}.Debug|x64.ActiveCfg = Debug|x64
		{53291B6E-A26B-47C0-BA95-A0A0281DC8A7}.Debug|x64.Build.0 = Debug|x64
		{53291B6E-A26B-47C0-BA95-A0A0281DC8A7}.Debug|x64.Deploy.0 = Debug|x64
		{53291B6E-A26B-47C0-BA95-A0A0281DC8A7}.Debug|x86.ActiveCfg = Debug|x86
		{53291B6E-A26B-47C0-BA95-A0A0281DC8A7}.Debug|x86.Build.0 = Debug|x86
		{53291B6E-A26B-47C0-BA95-A0A0281DC8A7}.Debug|x86.Deploy.0 = Debug|x86
		{53291B6E-A26B-47C0-BA95-A0A0281DC8A7}.Release|Any CPU.ActiveCfg = Release|x86
		{53291B6E-A26B-47C0-BA95-A0A0281DC8A7}.Release|ARM.ActiveCfg = Release|ARM
		{53291B6E-A26B-47C0-BA95-A0A0281DC8A7}.Release|ARM.Build.0 = Release|ARM
		{53291B6E-A26B-47C0-BA95-A0A0281DC8A7}.Release|ARM.Deploy.0 = Release|ARM
		{53291B6E-A26B-47C0-BA95-A0A0281DC8A7}.Release|iPhone.ActiveCfg = Release|x86
		{53291B6E-A26B-47C0-BA95-A0A0281DC8A7}.Release|iPhoneSimulator.ActiveCfg = Release|x86
		{53291B6E-A26B-47C0-BA95-A0A0281DC8A7}.Release|x64.ActiveCfg = Release|x64
		{53291B6E-A26B-47C0-BA95-A0A0281DC8A7}.Release|x64.Build.0 = Release|x64
		{53291B6E-A26B-47C0-BA95-A0A0281DC8A7}.Release|x64.Deploy.0 = Release|x64
		{53291B6E-A26B-47C0-BA95-A0A0281DC8A7}.Release|x86.ActiveCfg = Release|x86
		{53291B6E-A26B-47C0-BA95-A0A0281DC8A7}.Release|x86.Build.0 = Release|x86
		{53291B6E-A26B-47C0-BA95-A0A0281DC8A7}.Release|x86.Deploy.0 = Release|x86
		{226923C5-1C8C-492A-BA73-4EAA14B723DC}.Ad-Hoc|Any CPU.ActiveCfg = Release|Any CPU
		{226923C5-1C8C-492A-BA73-4EAA14B723DC}.Ad-Hoc|Any CPU.Build.0 = Release|Any CPU
		{226923C5-1C8C-492A-BA73-4EAA14B723DC}.Ad-Hoc|ARM.ActiveCfg = Release|Any CPU
		{226923C5-1C8C-492A-BA73-4EAA14B723DC}.Ad-Hoc|ARM.Build.0 = Release|Any CPU
		{226923C5-1C8C-492A-BA73-4EAA14B723DC}.Ad-Hoc|iPhone.ActiveCfg = Release|Any CPU
		{226923C5-1C8C-492A-BA73-4EAA14B723DC}.Ad-Hoc|iPhone.Build.0 = Release|Any CPU
		{226923C5-1C8C-492A-BA73-4EAA14B723DC}.Ad-Hoc|iPhoneSimulator.ActiveCfg = Release|Any CPU
		{226923C5-1C8C-492A-BA73-4EAA14B723DC}.Ad-Hoc|iPhoneSimulator.Build.0 = Release|Any CPU
		{226923C5-1C8C-492A-BA73-4EAA14B723DC}.Ad-Hoc|x64.ActiveCfg = Release|Any CPU
		{226923C5-1C8C-492A-BA73-4EAA14B723DC}.Ad-Hoc|x64.Build.0 = Release|Any CPU
		{226923C5-1C8C-492A-BA73-4EAA14B723DC}.Ad-Hoc|x86.ActiveCfg = Release|Any CPU
		{226923C5-1C8C-492A-BA73-4EAA14B723DC}.Ad-Hoc|x86.Build.0 = Release|Any CPU
		{226923C5-1C8C-492A-BA73-4EAA14B723DC}.AppStore|Any CPU.ActiveCfg = Release|Any CPU
		{226923C5-1C8C-492A-BA73-4EAA14B723DC}.AppStore|Any CPU.Build.0 = Release|Any CPU
		{226923C5-1C8C-492A-BA73-4EAA14B723DC}.AppStore|ARM.ActiveCfg = Release|Any CPU
		{226923C5-1C8C-492A-BA73-4EAA14B723DC}.AppStore|ARM.Build.0 = Release|Any CPU
		{226923C5-1C8C-492A-BA73-4EAA14B723DC}.AppStore|iPhone.ActiveCfg = Release|Any CPU
		{226923C5-1C8C-492A-BA73-4EAA14B723DC}.AppStore|iPhone.Build.0 = Release|Any CPU
		{226923C5-1C8C-492A-BA73-4EAA14B723DC}.AppStore|iPhoneSimulator.ActiveCfg = Release|Any CPU
		{226923C5-1C8C-492A-BA73-4EAA14B723DC}.AppStore|iPhoneSimulator.Build.0 = Release|Any CPU
		{226923C5-1C8C-492A-BA73-4EAA14B723DC}.AppStore|x64.ActiveCfg = Release|Any CPU
		{226923C5-1C8C-492A-BA73-4EAA14B723DC}.AppStore|x64.Build.0 = Release|Any CPU
		{226923C5-1C8C-492A-BA73-4EAA14B723DC}.AppStore|x86.ActiveCfg = Release|Any CPU
		{226923C5-1C8C-492A-BA73-4EAA14B723DC}.AppStore|x86.Build.0 = Release|Any CPU
		{226923C5-1C8C-492A-BA73-4EAA14B723DC}.Debug|Any CPU.ActiveCfg = Debug|Any CPU
		{226923C5-1C8C-492A-BA73-4EAA14B723DC}.Debug|Any CPU.Build.0 = Debug|Any CPU
		{226923C5-1C8C-492A-BA73-4EAA14B723DC}.Debug|ARM.ActiveCfg = Debug|Any CPU
		{226923C5-1C8C-492A-BA73-4EAA14B723DC}.Debug|ARM.Build.0 = Debug|Any CPU
		{226923C5-1C8C-492A-BA73-4EAA14B723DC}.Debug|iPhone.ActiveCfg = Debug|Any CPU
		{226923C5-1C8C-492A-BA73-4EAA14B723DC}.Debug|iPhone.Build.0 = Debug|Any CPU
		{226923C5-1C8C-492A-BA73-4EAA14B723DC}.Debug|iPhoneSimulator.ActiveCfg = Debug|Any CPU
		{226923C5-1C8C-492A-BA73-4EAA14B723DC}.Debug|iPhoneSimulator.Build.0 = Debug|Any CPU
		{226923C5-1C8C-492A-BA73-4EAA14B723DC}.Debug|x64.ActiveCfg = Debug|Any CPU
		{226923C5-1C8C-492A-BA73-4EAA14B723DC}.Debug|x64.Build.0 = Debug|Any CPU
		{226923C5-1C8C-492A-BA73-4EAA14B723DC}.Debug|x86.ActiveCfg = Debug|Any CPU
		{226923C5-1C8C-492A-BA73-4EAA14B723DC}.Debug|x86.Build.0 = Debug|Any CPU
		{226923C5-1C8C-492A-BA73-4EAA14B723DC}.Release|Any CPU.ActiveCfg = Release|Any CPU
		{226923C5-1C8C-492A-BA73-4EAA14B723DC}.Release|Any CPU.Build.0 = Release|Any CPU
		{226923C5-1C8C-492A-BA73-4EAA14B723DC}.Release|ARM.ActiveCfg = Release|Any CPU
		{226923C5-1C8C-492A-BA73-4EAA14B723DC}.Release|ARM.Build.0 = Release|Any CPU
		{226923C5-1C8C-492A-BA73-4EAA14B723DC}.Release|iPhone.ActiveCfg = Release|Any CPU
		{226923C5-1C8C-492A-BA73-4EAA14B723DC}.Release|iPhone.Build.0 = Release|Any CPU
		{226923C5-1C8C-492A-BA73-4EAA14B723DC}.Release|iPhoneSimulator.ActiveCfg = Release|Any CPU
		{226923C5-1C8C-492A-BA73-4EAA14B723DC}.Release|iPhoneSimulator.Build.0 = Release|Any CPU
		{226923C5-1C8C-492A-BA73-4EAA14B723DC}.Release|x64.ActiveCfg = Release|Any CPU
		{226923C5-1C8C-492A-BA73-4EAA14B723DC}.Release|x64.Build.0 = Release|Any CPU
		{226923C5-1C8C-492A-BA73-4EAA14B723DC}.Release|x86.ActiveCfg = Release|Any CPU
		{226923C5-1C8C-492A-BA73-4EAA14B723DC}.Release|x86.Build.0 = Release|Any CPU
	EndGlobalSection
	GlobalSection(SolutionProperties) = preSolution
		HideSolutionNode = FALSE
	EndGlobalSection
EndGlobal
